
Microsoft Visual Studio Solution File, Format Version 12.00
# Visual Studio Version 17
VisualStudioVersion = 17.8.34330.188
MinimumVisualStudioVersion = 10.0.40219.1
Project("{FAE04EC0-301F-11D3-BF4B-00C04F79EFBC}") = "ProductsMinApi", "ProductsMinApi\ProductsMinApi.csproj", "{3B0F86E4-07E5-471D-A146-8DE495F7CAF9}"
EndProject
Global
	GlobalSection(SolutionConfigurationPlatforms) = preSolution
		Debug|Any CPU = Debug|Any CPU
		Release|Any CPU = Release|Any CPU
	EndGlobalSection
	GlobalSection(ProjectConfigurationPlatforms) = postSolution
		{3B0F86E4-07E5-471D-A146-8DE495F7CAF9}.Debug|Any CPU.ActiveCfg = Debug|Any CPU
		{3B0F86E4-07E5-471D-A146-8DE495F7CAF9}.Debug|Any CPU.Build.0 = Debug|Any CPU
		{3B0F86E4-07E5-471D-A146-8DE495F7CAF9}.Release|Any CPU.ActiveCfg = Release|Any CPU
		{3B0F86E4-07E5-471D-A146-8DE495F7CAF9}.Release|Any CPU.Build.0 = Release|Any CPU
	EndGlobalSection
	GlobalSection(SolutionProperties) = preSolution
		HideSolutionNode = FALSE
	EndGlobalSection
	GlobalSection(ExtensibilityGlobals) = postSolution
		SolutionGuid = {62C261DC-3268-4FE6-9520-216E9522914E}
	EndGlobalSection
EndGlobal
